
Microsoft Visual Studio Solution File, Format Version 12.00
# Visual Studio 15
VisualStudioVersion = 15.0.27130.2020
MinimumVisualStudioVersion = 10.0.40219.1
Project("{9A19103F-16F7-4668-BE54-9A1E7A4F7556}") = "Lua.Core", "Lua.Core\Lua.Core.csproj", "{2A905E24-FE37-4EBF-AAEA-A2250252CC76}"
EndProject
Project("{9A19103F-16F7-4668-BE54-9A1E7A4F7556}") = "Lua.Tokenizer", "Lua.Tokenizer\Lua.Tokenizer.csproj", "{261D6293-C66D-4E75-A039-2276AEA9D9B5}"
EndProject
Project("{9A19103F-16F7-4668-BE54-9A1E7A4F7556}") = "Lua.AbstractSyntaxTree", "Lua.AbstractSyntaxTree\Lua.AbstractSyntaxTree.csproj", "{074418E4-3663-4D8D-AD03-9D4943F9499C}"
EndProject
Project("{FAE04EC0-301F-11D3-BF4B-00C04F79EFBC}") = "Test.Tokenizer", "Test.Tokenizer\Test.Tokenizer.csproj", "{9F33DF30-5720-45CE-A432-0BC33451A54A}"
EndProject
Project("{9A19103F-16F7-4668-BE54-9A1E7A4F7556}") = "Lua.Common", "Lua.Common\Lua.Common.csproj", "{C4CDAE65-15E5-4AEC-95EF-910EB7A02630}"
EndProject
Project("{FAE04EC0-301F-11D3-BF4B-00C04F79EFBC}") = "Lua.Parser", "Lua.Parser\Lua.Parser.csproj", "{65D4E1DE-887D-4257-9CCB-B7EEAD7CB6C3}"
EndProject
Global
	GlobalSection(SolutionConfigurationPlatforms) = preSolution
		Debug|Any CPU = Debug|Any CPU
		Release|Any CPU = Release|Any CPU
	EndGlobalSection
	GlobalSection(ProjectConfigurationPlatforms) = postSolution
		{2A905E24-FE37-4EBF-AAEA-A2250252CC76}.Debug|Any CPU.ActiveCfg = Debug|Any CPU
		{2A905E24-FE37-4EBF-AAEA-A2250252CC76}.Debug|Any CPU.Build.0 = Debug|Any CPU
		{2A905E24-FE37-4EBF-AAEA-A2250252CC76}.Release|Any CPU.ActiveCfg = Release|Any CPU
		{2A905E24-FE37-4EBF-AAEA-A2250252CC76}.Release|Any CPU.Build.0 = Release|Any CPU
		{261D6293-C66D-4E75-A039-2276AEA9D9B5}.Debug|Any CPU.ActiveCfg = Debug|Any CPU
		{261D6293-C66D-4E75-A039-2276AEA9D9B5}.Debug|Any CPU.Build.0 = Debug|Any CPU
		{261D6293-C66D-4E75-A039-2276AEA9D9B5}.Release|Any CPU.ActiveCfg = Release|Any CPU
		{261D6293-C66D-4E75-A039-2276AEA9D9B5}.Release|Any CPU.Build.0 = Release|Any CPU
		{074418E4-3663-4D8D-AD03-9D4943F9499C}.Debug|Any CPU.ActiveCfg = Debug|Any CPU
		{074418E4-3663-4D8D-AD03-9D4943F9499C}.Debug|Any CPU.Build.0 = Debug|Any CPU
		{074418E4-3663-4D8D-AD03-9D4943F9499C}.Release|Any CPU.ActiveCfg = Release|Any CPU
		{074418E4-3663-4D8D-AD03-9D4943F9499C}.Release|Any CPU.Build.0 = Release|Any CPU
		{9F33DF30-5720-45CE-A432-0BC33451A54A}.Debug|Any CPU.ActiveCfg = Debug|Any CPU
		{9F33DF30-5720-45CE-A432-0BC33451A54A}.Debug|Any CPU.Build.0 = Debug|Any CPU
		{9F33DF30-5720-45CE-A432-0BC33451A54A}.Release|Any CPU.ActiveCfg = Release|Any CPU
		{9F33DF30-5720-45CE-A432-0BC33451A54A}.Release|Any CPU.Build.0 = Release|Any CPU
		{C4CDAE65-15E5-4AEC-95EF-910EB7A02630}.Debug|Any CPU.ActiveCfg = Debug|Any CPU
		{C4CDAE65-15E5-4AEC-95EF-910EB7A02630}.Debug|Any CPU.Build.0 = Debug|Any CPU
		{C4CDAE65-15E5-4AEC-95EF-910EB7A02630}.Release|Any CPU.ActiveCfg = Release|Any CPU
		{C4CDAE65-15E5-4AEC-95EF-910EB7A02630}.Release|Any CPU.Build.0 = Release|Any CPU
		{65D4E1DE-887D-4257-9CCB-B7EEAD7CB6C3}.Debug|Any CPU.ActiveCfg = Debug|Any CPU
		{65D4E1DE-887D-4257-9CCB-B7EEAD7CB6C3}.Debug|Any CPU.Build.0 = Debug|Any CPU
		{65D4E1DE-887D-4257-9CCB-B7EEAD7CB6C3}.Release|Any CPU.ActiveCfg = Release|Any CPU
		{65D4E1DE-887D-4257-9CCB-B7EEAD7CB6C3}.Release|Any CPU.Build.0 = Release|Any CPU
	EndGlobalSection
	GlobalSection(SolutionProperties) = preSolution
		HideSolutionNode = FALSE
	EndGlobalSection
	GlobalSection(ExtensibilityGlobals) = postSolution
		SolutionGuid = {9DB46576-64AF-4C6D-9F90-D568C43AC1AF}
	EndGlobalSection
EndGlobal
